
Microsoft Visual Studio Solution File, Format Version 12.00
# Visual Studio Version 16
VisualStudioVersion = 16.0.31229.75
MinimumVisualStudioVersion = 10.0.40219.1
Project("{FAE04EC0-301F-11D3-BF4B-00C04F79EFBC}") = "ImageGalleryByShivank", "ImageGalleryByShivank\ImageGalleryByShivank.csproj", "{22FBDDA6-EDA8-4567-8CBA-969CAD950642}"
EndProject
Global
	GlobalSection(SolutionConfigurationPlatforms) = preSolution
		Debug|Any CPU = Debug|Any CPU
		Release|Any CPU = Release|Any CPU
	EndGlobalSection
	GlobalSection(ProjectConfigurationPlatforms) = postSolution
		{22FBDDA6-EDA8-4567-8CBA-969CAD950642}.Debug|Any CPU.ActiveCfg = Debug|Any CPU
		{22FBDDA6-EDA8-4567-8CBA-969CAD950642}.Debug|Any CPU.Build.0 = Debug|Any CPU
		{22FBDDA6-EDA8-4567-8CBA-969CAD950642}.Release|Any CPU.ActiveCfg = Release|Any CPU
		{22FBDDA6-EDA8-4567-8CBA-969CAD950642}.Release|Any CPU.Build.0 = Release|Any CPU
	EndGlobalSection
	GlobalSection(SolutionProperties) = preSolution
		HideSolutionNode = FALSE
	EndGlobalSection
	GlobalSection(ExtensibilityGlobals) = postSolution
		SolutionGuid = {23A5244C-F7E4-4FDE-AB36-FD115B25A0DA}
	EndGlobalSection
EndGlobal
